
Microsoft Visual Studio Solution File, Format Version 12.00
# Visual Studio Version 17
VisualStudioVersion = 17.0.31903.59
MinimumVisualStudioVersion = 10.0.40219.1
Project("{FAE04EC0-301F-11D3-BF4B-00C04F79EFBC}") = "KcdMp.Server", "KcdMp.Server\KcdMp.Server.csproj", "{3E7F8A92-B1D4-4C6E-9F25-1A3B7E8D9C4F}"
EndProject
Project("{FAE04EC0-301F-11D3-BF4B-00C04F79EFBC}") = "KcdMp.Client", "KcdMp.Client\KcdMp.Client.csproj", "{8D2C1A5F-E3B7-4D90-A8C6-2F9E5B4A7D1C}"
EndProject
Global
	GlobalSection(SolutionConfigurationPlatforms) = preSolution
		Debug|Any CPU = Debug|Any CPU
		Release|Any CPU = Release|Any CPU
	EndGlobalSection
	GlobalSection(ProjectConfigurationPlatforms) = postSolution
		{3E7F8A92-B1D4-4C6E-9F25-1A3B7E8D9C4F}.Debug|Any CPU.ActiveCfg = Debug|Any CPU
		{3E7F8A92-B1D4-4C6E-9F25-1A3B7E8D9C4F}.Debug|Any CPU.Build.0 = Debug|Any CPU
		{3E7F8A92-B1D4-4C6E-9F25-1A3B7E8D9C4F}.Release|Any CPU.ActiveCfg = Release|Any CPU
		{3E7F8A92-B1D4-4C6E-9F25-1A3B7E8D9C4F}.Release|Any CPU.Build.0 = Release|Any CPU
		{8D2C1A5F-E3B7-4D90-A8C6-2F9E5B4A7D1C}.Debug|Any CPU.ActiveCfg = Debug|Any CPU
		{8D2C1A5F-E3B7-4D90-A8C6-2F9E5B4A7D1C}.Debug|Any CPU.Build.0 = Debug|Any CPU
		{8D2C1A5F-E3B7-4D90-A8C6-2F9E5B4A7D1C}.Release|Any CPU.ActiveCfg = Release|Any CPU
		{8D2C1A5F-E3B7-4D90-A8C6-2F9E5B4A7D1C}.Release|Any CPU.Build.0 = Release|Any CPU
	EndGlobalSection
EndGlobal
